
Microsoft Visual Studio Solution File, Format Version 12.00
# Visual Studio Version 17
VisualStudioVersion = 17.0.31912.275
MinimumVisualStudioVersion = 10.0.40219.1
Project("{FAE04EC0-301F-11D3-BF4B-00C04F79EFBC}") = "ауацу", "ауацу\ауацу.csproj", "{7DB5D277-5090-491A-8449-64E5D5933BEA}"
EndProject
Global
	GlobalSection(SolutionConfigurationPlatforms) = preSolution
		Debug|Any CPU = Debug|Any CPU
		Release|Any CPU = Release|Any CPU
	EndGlobalSection
	GlobalSection(ProjectConfigurationPlatforms) = postSolution
		{7DB5D277-5090-491A-8449-64E5D5933BEA}.Debug|Any CPU.ActiveCfg = Debug|Any CPU
		{7DB5D277-5090-491A-8449-64E5D5933BEA}.Debug|Any CPU.Build.0 = Debug|Any CPU
		{7DB5D277-5090-491A-8449-64E5D5933BEA}.Release|Any CPU.ActiveCfg = Release|Any CPU
		{7DB5D277-5090-491A-8449-64E5D5933BEA}.Release|Any CPU.Build.0 = Release|Any CPU
	EndGlobalSection
	GlobalSection(SolutionProperties) = preSolution
		HideSolutionNode = FALSE
	EndGlobalSection
	GlobalSection(ExtensibilityGlobals) = postSolution
		SolutionGuid = {F01C53FA-58CB-47F9-B70C-0E150635CD9D}
	EndGlobalSection
EndGlobal
