
Microsoft Visual Studio Solution File, Format Version 12.00
# Visual Studio Version 17
VisualStudioVersion = 17.0.31912.275
MinimumVisualStudioVersion = 10.0.40219.1
Project("{FAE04EC0-301F-11D3-BF4B-00C04F79EFBC}") = "testirovaniePR4", "testirovaniePR4\testirovaniePR4.csproj", "{A5222058-8D58-401E-A4C8-A23AB0F5EA87}"
EndProject
Global
	GlobalSection(SolutionConfigurationPlatforms) = preSolution
		Debug|Any CPU = Debug|Any CPU
		Release|Any CPU = Release|Any CPU
	EndGlobalSection
	GlobalSection(ProjectConfigurationPlatforms) = postSolution
		{A5222058-8D58-401E-A4C8-A23AB0F5EA87}.Debug|Any CPU.ActiveCfg = Debug|Any CPU
		{A5222058-8D58-401E-A4C8-A23AB0F5EA87}.Debug|Any CPU.Build.0 = Debug|Any CPU
		{A5222058-8D58-401E-A4C8-A23AB0F5EA87}.Release|Any CPU.ActiveCfg = Release|Any CPU
		{A5222058-8D58-401E-A4C8-A23AB0F5EA87}.Release|Any CPU.Build.0 = Release|Any CPU
	EndGlobalSection
	GlobalSection(SolutionProperties) = preSolution
		HideSolutionNode = FALSE
	EndGlobalSection
	GlobalSection(ExtensibilityGlobals) = postSolution
		SolutionGuid = {53E1DC20-81C4-4CAB-822F-9BFD6C231C69}
	EndGlobalSection
EndGlobal
